// !$*UTF8*$!
{
	archiveVersion = 1;
	classes = {
	};
	objectVersion = 56;
	objects = {

/* Begin PBXBuildFile section */
		740051652BFD0CCD00E2E6EF /* UserMenuView.swift in Sources */ = {isa = PBXBuildFile; fileRef = 740051642BFD0CCD00E2E6EF /* UserMenuView.swift */; };
		740051672BFD0DFA00E2E6EF /* ReusableStackView.swift in Sources */ = {isa = PBXBuildFile; fileRef = 740051662BFD0DFA00E2E6EF /* ReusableStackView.swift */; };
		7400516B2BFD134D00E2E6EF /* ReusableMenuHeaderView.swift in Sources */ = {isa = PBXBuildFile; fileRef = 7400516A2BFD134D00E2E6EF /* ReusableMenuHeaderView.swift */; };
		7400516D2BFD178200E2E6EF /* UserMenuType.swift in Sources */ = {isa = PBXBuildFile; fileRef = 7400516C2BFD178200E2E6EF /* UserMenuType.swift */; };
		746B985F2BFC4A450050DB71 /* MyInfoViewController.swift in Sources */ = {isa = PBXBuildFile; fileRef = 746B985E2BFC4A450050DB71 /* MyInfoViewController.swift */; };
		7479E0AB2BFC7460002840A9 /* UserInfoView.swift in Sources */ = {isa = PBXBuildFile; fileRef = 7479E0AA2BFC7460002840A9 /* UserInfoView.swift */; };
		747A965C2BFC7AFF00E5FCEE /* UserRewardsType.swift in Sources */ = {isa = PBXBuildFile; fileRef = 747A965B2BFC7AFF00E5FCEE /* UserRewardsType.swift */; };
		747A965E2BFC7F3300E5FCEE /* UserHistoryType.swift in Sources */ = {isa = PBXBuildFile; fileRef = 747A965D2BFC7F3300E5FCEE /* UserHistoryType.swift */; };
		74ACCF412BFDCB59000523B8 /* MyInfoView.swift in Sources */ = {isa = PBXBuildFile; fileRef = 74ACCF402BFDCB59000523B8 /* MyInfoView.swift */; };
		74C596622BF67D8500E96991 /* SegmentControl.swift in Sources */ = {isa = PBXBuildFile; fileRef = 74C596612BF67D8500E96991 /* SegmentControl.swift */; };
		74C5966B2BF68BD000E96991 /* UIView+.swift in Sources */ = {isa = PBXBuildFile; fileRef = 74C5966A2BF68BD000E96991 /* UIView+.swift */; };
		74C5966D2BF68FF200E96991 /* PreOrderViewController.swift in Sources */ = {isa = PBXBuildFile; fileRef = 74C5966C2BF68FF200E96991 /* PreOrderViewController.swift */; };
		74C596702BF6F4D600E96991 /* MainView.swift in Sources */ = {isa = PBXBuildFile; fileRef = 74C5966F2BF6F4D600E96991 /* MainView.swift */; };
		74C596722BF6F73200E96991 /* NearStoreView.swift in Sources */ = {isa = PBXBuildFile; fileRef = 74C596712BF6F73100E96991 /* NearStoreView.swift */; };
		74C596792BF7026600E96991 /* MenuType.swift in Sources */ = {isa = PBXBuildFile; fileRef = 74C596782BF7026600E96991 /* MenuType.swift */; };
		74C5967C2BF7048400E96991 /* MenuCollectionViewCell.swift in Sources */ = {isa = PBXBuildFile; fileRef = 74C5967B2BF7048400E96991 /* MenuCollectionViewCell.swift */; };
		74C5967E2BF7075F00E96991 /* MenuCollectionView.swift in Sources */ = {isa = PBXBuildFile; fileRef = 74C5967D2BF7075F00E96991 /* MenuCollectionView.swift */; };
		74C596802BF7206B00E96991 /* DiscountEventCollectionView.swift in Sources */ = {isa = PBXBuildFile; fileRef = 74C5967F2BF7206B00E96991 /* DiscountEventCollectionView.swift */; };
		74C596822BF7209800E96991 /* DiscountEventCollectionViewCell.swift in Sources */ = {isa = PBXBuildFile; fileRef = 74C596812BF7209700E96991 /* DiscountEventCollectionViewCell.swift */; };
		74C596842BF7277500E96991 /* DiscountEvent.swift in Sources */ = {isa = PBXBuildFile; fileRef = 74C596832BF7277500E96991 /* DiscountEvent.swift */; };
		74C596862BF73F5F00E96991 /* EventView.swift in Sources */ = {isa = PBXBuildFile; fileRef = 74C596852BF73F5F00E96991 /* EventView.swift */; };
		74C596882BF7E23700E96991 /* UILabel+.swift in Sources */ = {isa = PBXBuildFile; fileRef = 74C596872BF7E23700E96991 /* UILabel+.swift */; };
		74C5968A2BF7E6A900E96991 /* HeaderReusableView.swift in Sources */ = {isa = PBXBuildFile; fileRef = 74C596892BF7E6A800E96991 /* HeaderReusableView.swift */; };
		74C596902BF88EB300E96991 /* SpecialProductView.swift in Sources */ = {isa = PBXBuildFile; fileRef = 74C5968F2BF88EB200E96991 /* SpecialProductView.swift */; };
		74C596922BF88F3B00E96991 /* SpecialProductCollectionView.swift in Sources */ = {isa = PBXBuildFile; fileRef = 74C596912BF88F3B00E96991 /* SpecialProductCollectionView.swift */; };
		74C596942BF88FE600E96991 /* SpecialProductCollectionViewCell.swift in Sources */ = {isa = PBXBuildFile; fileRef = 74C596932BF88FE600E96991 /* SpecialProductCollectionViewCell.swift */; };
		74C596962BF8B53B00E96991 /* Product.swift in Sources */ = {isa = PBXBuildFile; fileRef = 74C596952BF8B53B00E96991 /* Product.swift */; };
		74C596992BF8CE8C00E96991 /* AllProductView.swift in Sources */ = {isa = PBXBuildFile; fileRef = 74C596982BF8CE8C00E96991 /* AllProductView.swift */; };
		74C5969B2BF8CEA000E96991 /* AllProductCollectionView.swift in Sources */ = {isa = PBXBuildFile; fileRef = 74C5969A2BF8CEA000E96991 /* AllProductCollectionView.swift */; };
		74C5969D2BF8CF2E00E96991 /* AllProductCollectionViewCell.swift in Sources */ = {isa = PBXBuildFile; fileRef = 74C5969C2BF8CF2E00E96991 /* AllProductCollectionViewCell.swift */; };
		AF16B19A2BFBB0CE00BF27FD /* DTO.swift in Sources */ = {isa = PBXBuildFile; fileRef = AF16B1992BFBB0CE00BF27FD /* DTO.swift */; };
		AF16B19C2BFBB0E300BF27FD /* DTO+GetHomeResponse.swift in Sources */ = {isa = PBXBuildFile; fileRef = AF16B19B2BFBB0E300BF27FD /* DTO+GetHomeResponse.swift */; };
		AF16B19E2BFBB0ED00BF27FD /* DTO+GetHomeRequest.swift in Sources */ = {isa = PBXBuildFile; fileRef = AF16B19D2BFBB0ED00BF27FD /* DTO+GetHomeRequest.swift */; };
		AF16B1A02BFBB31200BF27FD /* DTO+GetPreorderInfoResponse.swift in Sources */ = {isa = PBXBuildFile; fileRef = AF16B19F2BFBB31200BF27FD /* DTO+GetPreorderInfoResponse.swift */; };
		AF16B1A22BFBB61D00BF27FD /* DTO+GetPreorderInfoRequest.swift in Sources */ = {isa = PBXBuildFile; fileRef = AF16B1A12BFBB61D00BF27FD /* DTO+GetPreorderInfoRequest.swift */; };
		AF16B1A42BFBB70D00BF27FD /* DTO+GetDetailProductResponse.swift in Sources */ = {isa = PBXBuildFile; fileRef = AF16B1A32BFBB70D00BF27FD /* DTO+GetDetailProductResponse.swift */; };
		AF16B1A62BFBB71400BF27FD /* DTO+GetDetailProductRequest.swift in Sources */ = {isa = PBXBuildFile; fileRef = AF16B1A52BFBB71400BF27FD /* DTO+GetDetailProductRequest.swift */; };
		AF16B1A82BFBB7C000BF27FD /* DTO+PostLikeRequest.swift in Sources */ = {isa = PBXBuildFile; fileRef = AF16B1A72BFBB7C000BF27FD /* DTO+PostLikeRequest.swift */; };
		AF16B1AA2BFBB7C800BF27FD /* DTO+PostLikeResponse.swift in Sources */ = {isa = PBXBuildFile; fileRef = AF16B1A92BFBB7C800BF27FD /* DTO+PostLikeResponse.swift */; };
		AF16B1AC2BFBB85400BF27FD /* DTO+DeleteLikeRequest.swift in Sources */ = {isa = PBXBuildFile; fileRef = AF16B1AB2BFBB85400BF27FD /* DTO+DeleteLikeRequest.swift */; };
		AF16B1AE2BFBB86100BF27FD /* DTO+DeleteLikeResponse.swift in Sources */ = {isa = PBXBuildFile; fileRef = AF16B1AD2BFBB86100BF27FD /* DTO+DeleteLikeResponse.swift */; };
		AF20D3982BFE1827009702CB /* Coordinator.swift in Sources */ = {isa = PBXBuildFile; fileRef = AF20D3972BFE1827009702CB /* Coordinator.swift */; };
		AF20D39A2BFE1848009702CB /* FlowCoordinator.swift in Sources */ = {isa = PBXBuildFile; fileRef = AF20D3992BFE1848009702CB /* FlowCoordinator.swift */; };
		AF20D39C2BFE1876009702CB /* PresentationStyle.swift in Sources */ = {isa = PBXBuildFile; fileRef = AF20D39B2BFE1876009702CB /* PresentationStyle.swift */; };
		AF4889142BF61AB6007F9C11 /* EventOfTheMonth.swift in Sources */ = {isa = PBXBuildFile; fileRef = AF4889132BF61AB6007F9C11 /* EventOfTheMonth.swift */; };
		AF4889172BF61AD5007F9C11 /* EventReusableView.swift in Sources */ = {isa = PBXBuildFile; fileRef = AF4889162BF61AD5007F9C11 /* EventReusableView.swift */; };
		AF4889192BF61B15007F9C11 /* NotificationName+.swift in Sources */ = {isa = PBXBuildFile; fileRef = AF4889182BF61B15007F9C11 /* NotificationName+.swift */; };
		AF7AC2722BFC6BA600E39CAC /* APIProvider.swift in Sources */ = {isa = PBXBuildFile; fileRef = AF7AC2712BFC6BA600E39CAC /* APIProvider.swift */; };
		AF99AFE22BF7471A004CC4D1 /* GSNavigationBar.swift in Sources */ = {isa = PBXBuildFile; fileRef = AF99AFE12BF7471A004CC4D1 /* GSNavigationBar.swift */; };
		AF99AFE52BF75A38004CC4D1 /* GSTabBarController.swift in Sources */ = {isa = PBXBuildFile; fileRef = AF99AFE42BF75A38004CC4D1 /* GSTabBarController.swift */; };
		AF99AFE92BF75CEA004CC4D1 /* GSTabBarType.swift in Sources */ = {isa = PBXBuildFile; fileRef = AF99AFE82BF75CEA004CC4D1 /* GSTabBarType.swift */; };
		AF99AFEC2BF76EDE004CC4D1 /* HomeViewController+.swift in Sources */ = {isa = PBXBuildFile; fileRef = AF99AFEB2BF76EDE004CC4D1 /* HomeViewController+.swift */; };
		AFA52C682BFD79AB00E69AB9 /* BannerView.swift in Sources */ = {isa = PBXBuildFile; fileRef = AFA52C672BFD79AB00E69AB9 /* BannerView.swift */; };
		AFA52C652BFCE45D00E69AB9 /* Kingfisher in Frameworks */ = {isa = PBXBuildFile; productRef = AFA52C642BFCE45D00E69AB9 /* Kingfisher */; };
		AFB7D1642BF6720400A2DBE9 /* ServiceReusableView.swift in Sources */ = {isa = PBXBuildFile; fileRef = AFB7D1632BF6720400A2DBE9 /* ServiceReusableView.swift */; };
		AFBCC0E52BFE34C100D9A118 /* GSTabBarCoordinator.swift in Sources */ = {isa = PBXBuildFile; fileRef = AFBCC0E42BFE34C100D9A118 /* GSTabBarCoordinator.swift */; };
		AFBCC0E82BFE353C00D9A118 /* HomeCoordinator.swift in Sources */ = {isa = PBXBuildFile; fileRef = AFBCC0E72BFE353C00D9A118 /* HomeCoordinator.swift */; };
		AFBCC0EB2BFE36DC00D9A118 /* PreOrderCoordinator.swift in Sources */ = {isa = PBXBuildFile; fileRef = AFBCC0EA2BFE36DC00D9A118 /* PreOrderCoordinator.swift */; };
		AFBCC0EE2BFE380B00D9A118 /* DetailCoordinator.swift in Sources */ = {isa = PBXBuildFile; fileRef = AFBCC0ED2BFE380B00D9A118 /* DetailCoordinator.swift */; };
		AFBCC0F02BFE4BB800D9A118 /* AppCoordinator.swift in Sources */ = {isa = PBXBuildFile; fileRef = AFBCC0EF2BFE4BB800D9A118 /* AppCoordinator.swift */; };
		AFC8AC042BEF440B005EAE74 /* AppDelegate.swift in Sources */ = {isa = PBXBuildFile; fileRef = AFC8AC032BEF440B005EAE74 /* AppDelegate.swift */; };
		AFC8AC062BEF440B005EAE74 /* SceneDelegate.swift in Sources */ = {isa = PBXBuildFile; fileRef = AFC8AC052BEF440B005EAE74 /* SceneDelegate.swift */; };
		AFC8AC082BEF440B005EAE74 /* ViewController.swift in Sources */ = {isa = PBXBuildFile; fileRef = AFC8AC072BEF440B005EAE74 /* ViewController.swift */; };
		AFC8AC0D2BEF440E005EAE74 /* Assets.xcassets in Resources */ = {isa = PBXBuildFile; fileRef = AFC8AC0C2BEF440E005EAE74 /* Assets.xcassets */; };
		AFC8AC262BEF46B1005EAE74 /* GSColor.swift in Sources */ = {isa = PBXBuildFile; fileRef = AFC8AC252BEF46B1005EAE74 /* GSColor.swift */; };
		AFC8AC282BEF47C0005EAE74 /* UIColor+.swift in Sources */ = {isa = PBXBuildFile; fileRef = AFC8AC272BEF47C0005EAE74 /* UIColor+.swift */; };
		AFC8AC2A2BEF5585005EAE74 /* GSImage.swift in Sources */ = {isa = PBXBuildFile; fileRef = AFC8AC292BEF5585005EAE74 /* GSImage.swift */; };
		AFC8AC302BF0FD08005EAE74 /* APITarget.swift in Sources */ = {isa = PBXBuildFile; fileRef = AFC8AC2F2BF0FD08005EAE74 /* APITarget.swift */; };
		AFC8AC382BF0FD28005EAE74 /* dummy7.swift in Sources */ = {isa = PBXBuildFile; fileRef = AFC8AC372BF0FD28005EAE74 /* dummy7.swift */; };
		AFC8AC442BF0FD61005EAE74 /* dummy3.swift in Sources */ = {isa = PBXBuildFile; fileRef = AFC8AC432BF0FD61005EAE74 /* dummy3.swift */; };
		AFC8AC462BF0FD67005EAE74 /* dummy1.swift in Sources */ = {isa = PBXBuildFile; fileRef = AFC8AC452BF0FD67005EAE74 /* dummy1.swift */; };
		AFC8AC4A2BF0FDB8005EAE74 /* GSFont.swift in Sources */ = {isa = PBXBuildFile; fileRef = AFC8AC492BF0FDB8005EAE74 /* GSFont.swift */; };
		AFC8AC6A2BF101A9005EAE74 /* Main.storyboard in Resources */ = {isa = PBXBuildFile; fileRef = AFC8AC692BF101A9005EAE74 /* Main.storyboard */; };
		AFC8AC762BF104C4005EAE74 /* GsPlugin.swift in Sources */ = {isa = PBXBuildFile; fileRef = AFC8AC752BF104C4005EAE74 /* GsPlugin.swift */; };
		AFC8AC792BF104FD005EAE74 /* Moya in Frameworks */ = {isa = PBXBuildFile; productRef = AFC8AC782BF104FD005EAE74 /* Moya */; };
		AFC8AC7C2BF1050C005EAE74 /* Then in Frameworks */ = {isa = PBXBuildFile; productRef = AFC8AC7B2BF1050C005EAE74 /* Then */; };
		AFC8AC7F2BF10517005EAE74 /* SnapKit in Frameworks */ = {isa = PBXBuildFile; productRef = AFC8AC7E2BF10517005EAE74 /* SnapKit */; };
		AFC8AC812BF10517005EAE74 /* SnapKit-Dynamic in Frameworks */ = {isa = PBXBuildFile; productRef = AFC8AC802BF10517005EAE74 /* SnapKit-Dynamic */; };
		AFC8AC832BF10542005EAE74 /* NetworkResult.swift in Sources */ = {isa = PBXBuildFile; fileRef = AFC8AC822BF10542005EAE74 /* NetworkResult.swift */; };
		AFC8AC852BF1055F005EAE74 /* Config.swift in Sources */ = {isa = PBXBuildFile; fileRef = AFC8AC842BF1055F005EAE74 /* Config.swift */; };
		AFC8AC8F2BF1EC47005EAE74 /* HomeViewController.swift in Sources */ = {isa = PBXBuildFile; fileRef = AFC8AC8E2BF1EC47005EAE74 /* HomeViewController.swift */; };
		AFC8AC932BF1EEEA005EAE74 /* PageCell.swift in Sources */ = {isa = PBXBuildFile; fileRef = AFC8AC922BF1EEEA005EAE74 /* PageCell.swift */; };
		AFC8AC952BF1EFA5005EAE74 /* UICollectionViewCell+.swift in Sources */ = {isa = PBXBuildFile; fileRef = AFC8AC942BF1EFA5005EAE74 /* UICollectionViewCell+.swift */; };
		AFC8AC972BF1F03E005EAE74 /* Advertisement.swift in Sources */ = {isa = PBXBuildFile; fileRef = AFC8AC962BF1F03E005EAE74 /* Advertisement.swift */; };
		AFC8AC992BF1F4BB005EAE74 /* HomeSectionType.swift in Sources */ = {isa = PBXBuildFile; fileRef = AFC8AC982BF1F4BB005EAE74 /* HomeSectionType.swift */; };
		AFC8AC9B2BF20B99005EAE74 /* OrderServiceCell.swift in Sources */ = {isa = PBXBuildFile; fileRef = AFC8AC9A2BF20B99005EAE74 /* OrderServiceCell.swift */; };
		AFC8AC9C2BF21352005EAE74 /* Pretendard-Black.otf in Resources */ = {isa = PBXBuildFile; fileRef = AFC8AC702BF103DC005EAE74 /* Pretendard-Black.otf */; };
		AFC8AC9D2BF21354005EAE74 /* Pretendard-Bold.otf in Resources */ = {isa = PBXBuildFile; fileRef = AFC8AC6E2BF103DC005EAE74 /* Pretendard-Bold.otf */; };
		AFC8AC9E2BF21356005EAE74 /* Pretendard-ExtraBold.otf in Resources */ = {isa = PBXBuildFile; fileRef = AFC8AC6C2BF103DC005EAE74 /* Pretendard-ExtraBold.otf */; };
		AFC8AC9F2BF21358005EAE74 /* Pretendard-ExtraLight.otf in Resources */ = {isa = PBXBuildFile; fileRef = AFC8AC6D2BF103DC005EAE74 /* Pretendard-ExtraLight.otf */; };
		AFC8ACA02BF2135B005EAE74 /* Pretendard-Light.otf in Resources */ = {isa = PBXBuildFile; fileRef = AFC8AC6F2BF103DC005EAE74 /* Pretendard-Light.otf */; };
		AFC8ACA12BF2135D005EAE74 /* Pretendard-Medium.otf in Resources */ = {isa = PBXBuildFile; fileRef = AFC8AC712BF103DC005EAE74 /* Pretendard-Medium.otf */; };
		AFC8ACA22BF2135F005EAE74 /* Pretendard-Regular.otf in Resources */ = {isa = PBXBuildFile; fileRef = AFC8AC722BF103DC005EAE74 /* Pretendard-Regular.otf */; };
		AFC8ACA32BF21361005EAE74 /* Pretendard-SemiBold.otf in Resources */ = {isa = PBXBuildFile; fileRef = AFC8AC732BF103DC005EAE74 /* Pretendard-SemiBold.otf */; };
		AFC8ACA42BF21363005EAE74 /* Pretendard-Thin.otf in Resources */ = {isa = PBXBuildFile; fileRef = AFC8AC742BF103DD005EAE74 /* Pretendard-Thin.otf */; };
		AFC8ACA82BF215BB005EAE74 /* LookinServer in Frameworks */ = {isa = PBXBuildFile; productRef = AFC8ACA72BF215BB005EAE74 /* LookinServer */; };
		AFC8ACAA2BF21B50005EAE74 /* ConvenienceCell.swift in Sources */ = {isa = PBXBuildFile; fileRef = AFC8ACA92BF21B50005EAE74 /* ConvenienceCell.swift */; };
		AFC8ACAC2BF223C3005EAE74 /* ServiceCell.swift in Sources */ = {isa = PBXBuildFile; fileRef = AFC8ACAB2BF223C3005EAE74 /* ServiceCell.swift */; };
		AFC8ACAE2BF22AB8005EAE74 /* PageType.swift in Sources */ = {isa = PBXBuildFile; fileRef = AFC8ACAD2BF22AB8005EAE74 /* PageType.swift */; };
		AFC8ACB02BF22ADD005EAE74 /* UICollectionViewLayout+.swift in Sources */ = {isa = PBXBuildFile; fileRef = AFC8ACAF2BF22ADD005EAE74 /* UICollectionViewLayout+.swift */; };
		AFC8ACB22BF25ED3005EAE74 /* EventCell.swift in Sources */ = {isa = PBXBuildFile; fileRef = AFC8ACB12BF25ED3005EAE74 /* EventCell.swift */; };
		AFC8ACB62BF2684F005EAE74 /* EventOfTheWeekCell.swift in Sources */ = {isa = PBXBuildFile; fileRef = AFC8ACB52BF2684F005EAE74 /* EventOfTheWeekCell.swift */; };
		AFC8ACB92BF26E39005EAE74 /* ServiceType.swift in Sources */ = {isa = PBXBuildFile; fileRef = AFC8ACB82BF26E39005EAE74 /* ServiceType.swift */; };
		AFC8ACBB2BF26E5C005EAE74 /* ConvenienceType.swift in Sources */ = {isa = PBXBuildFile; fileRef = AFC8ACBA2BF26E5C005EAE74 /* ConvenienceType.swift */; };
		AFC8ACBD2BF26EBC005EAE74 /* OrderServiceType.swift in Sources */ = {isa = PBXBuildFile; fileRef = AFC8ACBC2BF26EBC005EAE74 /* OrderServiceType.swift */; };
		AFDEB6B62BFC5E9100B99E81 /* APITarget+All.swift in Sources */ = {isa = PBXBuildFile; fileRef = AFDEB6B52BFC5E9100B99E81 /* APITarget+All.swift */; };
		AFDEB6B82BFC606800B99E81 /* APITarget+Products.swift in Sources */ = {isa = PBXBuildFile; fileRef = AFDEB6B72BFC606800B99E81 /* APITarget+Products.swift */; };
		AFDEB6BC2BFC645C00B99E81 /* APITarget+Likes.swift in Sources */ = {isa = PBXBuildFile; fileRef = AFDEB6BB2BFC645C00B99E81 /* APITarget+Likes.swift */; };
		DC7A4C152BFAEFB00081EB84 /* DetailTabBarView.swift in Sources */ = {isa = PBXBuildFile; fileRef = DC7A4C142BFAEFB00081EB84 /* DetailTabBarView.swift */; };
		DC7A4C192BFB3D4F0081EB84 /* ScrollToTopButton.swift in Sources */ = {isa = PBXBuildFile; fileRef = DC7A4C182BFB3D4F0081EB84 /* ScrollToTopButton.swift */; };
		DCCBE2622BF7489800848D98 /* DetailViewController.swift in Sources */ = {isa = PBXBuildFile; fileRef = DCCBE2612BF7489800848D98 /* DetailViewController.swift */; };
/* End PBXBuildFile section */

/* Begin PBXFileReference section */
		740051642BFD0CCD00E2E6EF /* UserMenuView.swift */ = {isa = PBXFileReference; lastKnownFileType = sourcecode.swift; path = UserMenuView.swift; sourceTree = "<group>"; };
		740051662BFD0DFA00E2E6EF /* ReusableStackView.swift */ = {isa = PBXFileReference; lastKnownFileType = sourcecode.swift; path = ReusableStackView.swift; sourceTree = "<group>"; };
		7400516A2BFD134D00E2E6EF /* ReusableMenuHeaderView.swift */ = {isa = PBXFileReference; lastKnownFileType = sourcecode.swift; path = ReusableMenuHeaderView.swift; sourceTree = "<group>"; };
		7400516C2BFD178200E2E6EF /* UserMenuType.swift */ = {isa = PBXFileReference; lastKnownFileType = sourcecode.swift; path = UserMenuType.swift; sourceTree = "<group>"; };
		746B985E2BFC4A450050DB71 /* MyInfoViewController.swift */ = {isa = PBXFileReference; lastKnownFileType = sourcecode.swift; path = MyInfoViewController.swift; sourceTree = "<group>"; };
		7479E0AA2BFC7460002840A9 /* UserInfoView.swift */ = {isa = PBXFileReference; lastKnownFileType = sourcecode.swift; path = UserInfoView.swift; sourceTree = "<group>"; };
		747A965B2BFC7AFF00E5FCEE /* UserRewardsType.swift */ = {isa = PBXFileReference; lastKnownFileType = sourcecode.swift; path = UserRewardsType.swift; sourceTree = "<group>"; };
		747A965D2BFC7F3300E5FCEE /* UserHistoryType.swift */ = {isa = PBXFileReference; lastKnownFileType = sourcecode.swift; path = UserHistoryType.swift; sourceTree = "<group>"; };
		74ACCF402BFDCB59000523B8 /* MyInfoView.swift */ = {isa = PBXFileReference; lastKnownFileType = sourcecode.swift; path = MyInfoView.swift; sourceTree = "<group>"; };
		74C596612BF67D8500E96991 /* SegmentControl.swift */ = {isa = PBXFileReference; lastKnownFileType = sourcecode.swift; path = SegmentControl.swift; sourceTree = "<group>"; };
		74C5966A2BF68BD000E96991 /* UIView+.swift */ = {isa = PBXFileReference; lastKnownFileType = sourcecode.swift; path = "UIView+.swift"; sourceTree = "<group>"; };
		74C5966C2BF68FF200E96991 /* PreOrderViewController.swift */ = {isa = PBXFileReference; lastKnownFileType = sourcecode.swift; path = PreOrderViewController.swift; sourceTree = "<group>"; };
		74C5966F2BF6F4D600E96991 /* MainView.swift */ = {isa = PBXFileReference; lastKnownFileType = sourcecode.swift; path = MainView.swift; sourceTree = "<group>"; };
		74C596712BF6F73100E96991 /* NearStoreView.swift */ = {isa = PBXFileReference; lastKnownFileType = sourcecode.swift; path = NearStoreView.swift; sourceTree = "<group>"; };
		74C596782BF7026600E96991 /* MenuType.swift */ = {isa = PBXFileReference; lastKnownFileType = sourcecode.swift; path = MenuType.swift; sourceTree = "<group>"; };
		74C5967B2BF7048400E96991 /* MenuCollectionViewCell.swift */ = {isa = PBXFileReference; lastKnownFileType = sourcecode.swift; path = MenuCollectionViewCell.swift; sourceTree = "<group>"; };
		74C5967D2BF7075F00E96991 /* MenuCollectionView.swift */ = {isa = PBXFileReference; lastKnownFileType = sourcecode.swift; path = MenuCollectionView.swift; sourceTree = "<group>"; };
		74C5967F2BF7206B00E96991 /* DiscountEventCollectionView.swift */ = {isa = PBXFileReference; lastKnownFileType = sourcecode.swift; path = DiscountEventCollectionView.swift; sourceTree = "<group>"; };
		74C596812BF7209700E96991 /* DiscountEventCollectionViewCell.swift */ = {isa = PBXFileReference; lastKnownFileType = sourcecode.swift; path = DiscountEventCollectionViewCell.swift; sourceTree = "<group>"; };
		74C596832BF7277500E96991 /* DiscountEvent.swift */ = {isa = PBXFileReference; lastKnownFileType = sourcecode.swift; path = DiscountEvent.swift; sourceTree = "<group>"; };
		74C596852BF73F5F00E96991 /* EventView.swift */ = {isa = PBXFileReference; lastKnownFileType = sourcecode.swift; path = EventView.swift; sourceTree = "<group>"; };
		74C596872BF7E23700E96991 /* UILabel+.swift */ = {isa = PBXFileReference; lastKnownFileType = sourcecode.swift; path = "UILabel+.swift"; sourceTree = "<group>"; };
		74C596892BF7E6A800E96991 /* HeaderReusableView.swift */ = {isa = PBXFileReference; lastKnownFileType = sourcecode.swift; path = HeaderReusableView.swift; sourceTree = "<group>"; };
		74C5968F2BF88EB200E96991 /* SpecialProductView.swift */ = {isa = PBXFileReference; lastKnownFileType = sourcecode.swift; path = SpecialProductView.swift; sourceTree = "<group>"; };
		74C596912BF88F3B00E96991 /* SpecialProductCollectionView.swift */ = {isa = PBXFileReference; lastKnownFileType = sourcecode.swift; path = SpecialProductCollectionView.swift; sourceTree = "<group>"; };
		74C596932BF88FE600E96991 /* SpecialProductCollectionViewCell.swift */ = {isa = PBXFileReference; lastKnownFileType = sourcecode.swift; path = SpecialProductCollectionViewCell.swift; sourceTree = "<group>"; };
		74C596952BF8B53B00E96991 /* Product.swift */ = {isa = PBXFileReference; lastKnownFileType = sourcecode.swift; path = Product.swift; sourceTree = "<group>"; };
		74C596982BF8CE8C00E96991 /* AllProductView.swift */ = {isa = PBXFileReference; lastKnownFileType = sourcecode.swift; path = AllProductView.swift; sourceTree = "<group>"; };
		74C5969A2BF8CEA000E96991 /* AllProductCollectionView.swift */ = {isa = PBXFileReference; lastKnownFileType = sourcecode.swift; path = AllProductCollectionView.swift; sourceTree = "<group>"; };
		74C5969C2BF8CF2E00E96991 /* AllProductCollectionViewCell.swift */ = {isa = PBXFileReference; lastKnownFileType = sourcecode.swift; path = AllProductCollectionViewCell.swift; sourceTree = "<group>"; };
		AF16B1992BFBB0CE00BF27FD /* DTO.swift */ = {isa = PBXFileReference; lastKnownFileType = sourcecode.swift; path = DTO.swift; sourceTree = "<group>"; };
		AF16B19B2BFBB0E300BF27FD /* DTO+GetHomeResponse.swift */ = {isa = PBXFileReference; lastKnownFileType = sourcecode.swift; path = "DTO+GetHomeResponse.swift"; sourceTree = "<group>"; };
		AF16B19D2BFBB0ED00BF27FD /* DTO+GetHomeRequest.swift */ = {isa = PBXFileReference; lastKnownFileType = sourcecode.swift; path = "DTO+GetHomeRequest.swift"; sourceTree = "<group>"; };
		AF16B19F2BFBB31200BF27FD /* DTO+GetPreorderInfoResponse.swift */ = {isa = PBXFileReference; lastKnownFileType = sourcecode.swift; path = "DTO+GetPreorderInfoResponse.swift"; sourceTree = "<group>"; };
		AF16B1A12BFBB61D00BF27FD /* DTO+GetPreorderInfoRequest.swift */ = {isa = PBXFileReference; lastKnownFileType = sourcecode.swift; path = "DTO+GetPreorderInfoRequest.swift"; sourceTree = "<group>"; };
		AF16B1A32BFBB70D00BF27FD /* DTO+GetDetailProductResponse.swift */ = {isa = PBXFileReference; lastKnownFileType = sourcecode.swift; path = "DTO+GetDetailProductResponse.swift"; sourceTree = "<group>"; };
		AF16B1A52BFBB71400BF27FD /* DTO+GetDetailProductRequest.swift */ = {isa = PBXFileReference; lastKnownFileType = sourcecode.swift; path = "DTO+GetDetailProductRequest.swift"; sourceTree = "<group>"; };
		AF16B1A72BFBB7C000BF27FD /* DTO+PostLikeRequest.swift */ = {isa = PBXFileReference; lastKnownFileType = sourcecode.swift; path = "DTO+PostLikeRequest.swift"; sourceTree = "<group>"; };
		AF16B1A92BFBB7C800BF27FD /* DTO+PostLikeResponse.swift */ = {isa = PBXFileReference; lastKnownFileType = sourcecode.swift; path = "DTO+PostLikeResponse.swift"; sourceTree = "<group>"; };
		AF16B1AB2BFBB85400BF27FD /* DTO+DeleteLikeRequest.swift */ = {isa = PBXFileReference; lastKnownFileType = sourcecode.swift; path = "DTO+DeleteLikeRequest.swift"; sourceTree = "<group>"; };
		AF16B1AD2BFBB86100BF27FD /* DTO+DeleteLikeResponse.swift */ = {isa = PBXFileReference; lastKnownFileType = sourcecode.swift; path = "DTO+DeleteLikeResponse.swift"; sourceTree = "<group>"; };
		AF20D3972BFE1827009702CB /* Coordinator.swift */ = {isa = PBXFileReference; lastKnownFileType = sourcecode.swift; path = Coordinator.swift; sourceTree = "<group>"; };
		AF20D3992BFE1848009702CB /* FlowCoordinator.swift */ = {isa = PBXFileReference; lastKnownFileType = sourcecode.swift; path = FlowCoordinator.swift; sourceTree = "<group>"; };
		AF20D39B2BFE1876009702CB /* PresentationStyle.swift */ = {isa = PBXFileReference; lastKnownFileType = sourcecode.swift; path = PresentationStyle.swift; sourceTree = "<group>"; };
		AF4889132BF61AB6007F9C11 /* EventOfTheMonth.swift */ = {isa = PBXFileReference; lastKnownFileType = sourcecode.swift; path = EventOfTheMonth.swift; sourceTree = "<group>"; };
		AF4889162BF61AD5007F9C11 /* EventReusableView.swift */ = {isa = PBXFileReference; lastKnownFileType = sourcecode.swift; path = EventReusableView.swift; sourceTree = "<group>"; };
		AF4889182BF61B15007F9C11 /* NotificationName+.swift */ = {isa = PBXFileReference; lastKnownFileType = sourcecode.swift; path = "NotificationName+.swift"; sourceTree = "<group>"; };
		AF7AC2712BFC6BA600E39CAC /* APIProvider.swift */ = {isa = PBXFileReference; lastKnownFileType = sourcecode.swift; path = APIProvider.swift; sourceTree = "<group>"; };
		AF99AFE12BF7471A004CC4D1 /* GSNavigationBar.swift */ = {isa = PBXFileReference; lastKnownFileType = sourcecode.swift; path = GSNavigationBar.swift; sourceTree = "<group>"; };
		AF99AFE42BF75A38004CC4D1 /* GSTabBarController.swift */ = {isa = PBXFileReference; lastKnownFileType = sourcecode.swift; path = GSTabBarController.swift; sourceTree = "<group>"; };
		AF99AFE82BF75CEA004CC4D1 /* GSTabBarType.swift */ = {isa = PBXFileReference; lastKnownFileType = sourcecode.swift; path = GSTabBarType.swift; sourceTree = "<group>"; };
		AF99AFEB2BF76EDE004CC4D1 /* HomeViewController+.swift */ = {isa = PBXFileReference; lastKnownFileType = sourcecode.swift; path = "HomeViewController+.swift"; sourceTree = "<group>"; };
		AFA52C672BFD79AB00E69AB9 /* BannerView.swift */ = {isa = PBXFileReference; lastKnownFileType = sourcecode.swift; path = BannerView.swift; sourceTree = "<group>"; };
		AFB7D1632BF6720400A2DBE9 /* ServiceReusableView.swift */ = {isa = PBXFileReference; lastKnownFileType = sourcecode.swift; path = ServiceReusableView.swift; sourceTree = "<group>"; };
		AFBCC0E42BFE34C100D9A118 /* GSTabBarCoordinator.swift */ = {isa = PBXFileReference; lastKnownFileType = sourcecode.swift; path = GSTabBarCoordinator.swift; sourceTree = "<group>"; };
		AFBCC0E72BFE353C00D9A118 /* HomeCoordinator.swift */ = {isa = PBXFileReference; lastKnownFileType = sourcecode.swift; path = HomeCoordinator.swift; sourceTree = "<group>"; };
		AFBCC0EA2BFE36DC00D9A118 /* PreOrderCoordinator.swift */ = {isa = PBXFileReference; lastKnownFileType = sourcecode.swift; path = PreOrderCoordinator.swift; sourceTree = "<group>"; };
		AFBCC0ED2BFE380B00D9A118 /* DetailCoordinator.swift */ = {isa = PBXFileReference; lastKnownFileType = sourcecode.swift; path = DetailCoordinator.swift; sourceTree = "<group>"; };
		AFBCC0EF2BFE4BB800D9A118 /* AppCoordinator.swift */ = {isa = PBXFileReference; lastKnownFileType = sourcecode.swift; path = AppCoordinator.swift; sourceTree = "<group>"; };
		AFC8AC002BEF440B005EAE74 /* GsHometown-iOS.app */ = {isa = PBXFileReference; explicitFileType = wrapper.application; includeInIndex = 0; path = "GsHometown-iOS.app"; sourceTree = BUILT_PRODUCTS_DIR; };
		AFC8AC032BEF440B005EAE74 /* AppDelegate.swift */ = {isa = PBXFileReference; lastKnownFileType = sourcecode.swift; path = AppDelegate.swift; sourceTree = "<group>"; };
		AFC8AC052BEF440B005EAE74 /* SceneDelegate.swift */ = {isa = PBXFileReference; lastKnownFileType = sourcecode.swift; path = SceneDelegate.swift; sourceTree = "<group>"; };
		AFC8AC072BEF440B005EAE74 /* ViewController.swift */ = {isa = PBXFileReference; lastKnownFileType = sourcecode.swift; path = ViewController.swift; sourceTree = "<group>"; };
		AFC8AC0C2BEF440E005EAE74 /* Assets.xcassets */ = {isa = PBXFileReference; lastKnownFileType = folder.assetcatalog; path = Assets.xcassets; sourceTree = "<group>"; };
		AFC8AC0F2BEF440E005EAE74 /* Base */ = {isa = PBXFileReference; lastKnownFileType = file.storyboard; name = Base; path = Base.lproj/LaunchScreen.storyboard; sourceTree = "<group>"; };
		AFC8AC112BEF440E005EAE74 /* Info.plist */ = {isa = PBXFileReference; lastKnownFileType = text.plist.xml; path = Info.plist; sourceTree = "<group>"; };
		AFC8AC252BEF46B1005EAE74 /* GSColor.swift */ = {isa = PBXFileReference; lastKnownFileType = sourcecode.swift; path = GSColor.swift; sourceTree = "<group>"; };
		AFC8AC272BEF47C0005EAE74 /* UIColor+.swift */ = {isa = PBXFileReference; lastKnownFileType = sourcecode.swift; path = "UIColor+.swift"; sourceTree = "<group>"; };
		AFC8AC292BEF5585005EAE74 /* GSImage.swift */ = {isa = PBXFileReference; lastKnownFileType = sourcecode.swift; path = GSImage.swift; sourceTree = "<group>"; };
		AFC8AC2F2BF0FD08005EAE74 /* APITarget.swift */ = {isa = PBXFileReference; lastKnownFileType = sourcecode.swift; path = APITarget.swift; sourceTree = "<group>"; };
		AFC8AC372BF0FD28005EAE74 /* dummy7.swift */ = {isa = PBXFileReference; lastKnownFileType = sourcecode.swift; path = dummy7.swift; sourceTree = "<group>"; };
		AFC8AC412BF0FD5D005EAE74 /* dummy4.swift */ = {isa = PBXFileReference; lastKnownFileType = sourcecode.swift; path = dummy4.swift; sourceTree = "<group>"; };
		AFC8AC452BF0FD67005EAE74 /* dummy1.swift */ = {isa = PBXFileReference; lastKnownFileType = sourcecode.swift; path = dummy1.swift; sourceTree = "<group>"; };
		AFC8AC492BF0FDB8005EAE74 /* GSFont.swift */ = {isa = PBXFileReference; lastKnownFileType = sourcecode.swift; path = GSFont.swift; sourceTree = "<group>"; };
		AFC8AC692BF101A9005EAE74 /* Main.storyboard */ = {isa = PBXFileReference; fileEncoding = 4; lastKnownFileType = file.storyboard; path = Main.storyboard; sourceTree = "<group>"; };
		AFC8AC6C2BF103DC005EAE74 /* Pretendard-ExtraBold.otf */ = {isa = PBXFileReference; lastKnownFileType = file; path = "Pretendard-ExtraBold.otf"; sourceTree = "<group>"; };
		AFC8AC6D2BF103DC005EAE74 /* Pretendard-ExtraLight.otf */ = {isa = PBXFileReference; lastKnownFileType = file; path = "Pretendard-ExtraLight.otf"; sourceTree = "<group>"; };
		AFC8AC6E2BF103DC005EAE74 /* Pretendard-Bold.otf */ = {isa = PBXFileReference; lastKnownFileType = file; path = "Pretendard-Bold.otf"; sourceTree = "<group>"; };
		AFC8AC6F2BF103DC005EAE74 /* Pretendard-Light.otf */ = {isa = PBXFileReference; lastKnownFileType = file; path = "Pretendard-Light.otf"; sourceTree = "<group>"; };
		AFC8AC702BF103DC005EAE74 /* Pretendard-Black.otf */ = {isa = PBXFileReference; lastKnownFileType = file; path = "Pretendard-Black.otf"; sourceTree = "<group>"; };
		AFC8AC712BF103DC005EAE74 /* Pretendard-Medium.otf */ = {isa = PBXFileReference; lastKnownFileType = file; path = "Pretendard-Medium.otf"; sourceTree = "<group>"; };
		AFC8AC722BF103DC005EAE74 /* Pretendard-Regular.otf */ = {isa = PBXFileReference; lastKnownFileType = file; path = "Pretendard-Regular.otf"; sourceTree = "<group>"; };
		AFC8AC732BF103DC005EAE74 /* Pretendard-SemiBold.otf */ = {isa = PBXFileReference; lastKnownFileType = file; path = "Pretendard-SemiBold.otf"; sourceTree = "<group>"; };
		AFC8AC742BF103DD005EAE74 /* Pretendard-Thin.otf */ = {isa = PBXFileReference; lastKnownFileType = file; path = "Pretendard-Thin.otf"; sourceTree = "<group>"; };
		AFC8AC752BF104C4005EAE74 /* GsPlugin.swift */ = {isa = PBXFileReference; lastKnownFileType = sourcecode.swift; path = GsPlugin.swift; sourceTree = "<group>"; };
		AFC8AC822BF10542005EAE74 /* NetworkResult.swift */ = {isa = PBXFileReference; lastKnownFileType = sourcecode.swift; path = NetworkResult.swift; sourceTree = "<group>"; };
		AFC8AC842BF1055F005EAE74 /* Config.swift */ = {isa = PBXFileReference; lastKnownFileType = sourcecode.swift; path = Config.swift; sourceTree = "<group>"; };
		AFC8AC8E2BF1EC47005EAE74 /* HomeViewController.swift */ = {isa = PBXFileReference; lastKnownFileType = sourcecode.swift; path = HomeViewController.swift; sourceTree = "<group>"; };
		AFC8AC922BF1EEEA005EAE74 /* PageCell.swift */ = {isa = PBXFileReference; lastKnownFileType = sourcecode.swift; path = PageCell.swift; sourceTree = "<group>"; };
		AFC8AC942BF1EFA5005EAE74 /* UICollectionViewCell+.swift */ = {isa = PBXFileReference; lastKnownFileType = sourcecode.swift; path = "UICollectionViewCell+.swift"; sourceTree = "<group>"; };
		AFC8AC962BF1F03E005EAE74 /* Advertisement.swift */ = {isa = PBXFileReference; lastKnownFileType = sourcecode.swift; path = Advertisement.swift; sourceTree = "<group>"; };
		AFC8AC982BF1F4BB005EAE74 /* HomeSectionType.swift */ = {isa = PBXFileReference; lastKnownFileType = sourcecode.swift; path = HomeSectionType.swift; sourceTree = "<group>"; };
		AFC8AC9A2BF20B99005EAE74 /* OrderServiceCell.swift */ = {isa = PBXFileReference; lastKnownFileType = sourcecode.swift; path = OrderServiceCell.swift; sourceTree = "<group>"; };
		AFC8ACA92BF21B50005EAE74 /* ConvenienceCell.swift */ = {isa = PBXFileReference; lastKnownFileType = sourcecode.swift; path = ConvenienceCell.swift; sourceTree = "<group>"; };
		AFC8ACAB2BF223C3005EAE74 /* ServiceCell.swift */ = {isa = PBXFileReference; lastKnownFileType = sourcecode.swift; path = ServiceCell.swift; sourceTree = "<group>"; };
		AFC8ACAD2BF22AB8005EAE74 /* PageType.swift */ = {isa = PBXFileReference; lastKnownFileType = sourcecode.swift; path = PageType.swift; sourceTree = "<group>"; };
		AFC8ACAF2BF22ADD005EAE74 /* UICollectionViewLayout+.swift */ = {isa = PBXFileReference; lastKnownFileType = sourcecode.swift; path = "UICollectionViewLayout+.swift"; sourceTree = "<group>"; };
		AFC8ACB12BF25ED3005EAE74 /* EventCell.swift */ = {isa = PBXFileReference; lastKnownFileType = sourcecode.swift; path = EventCell.swift; sourceTree = "<group>"; };
		AFC8ACB52BF2684F005EAE74 /* EventOfTheWeekCell.swift */ = {isa = PBXFileReference; lastKnownFileType = sourcecode.swift; path = EventOfTheWeekCell.swift; sourceTree = "<group>"; };
		AFC8ACB82BF26E39005EAE74 /* ServiceType.swift */ = {isa = PBXFileReference; lastKnownFileType = sourcecode.swift; path = ServiceType.swift; sourceTree = "<group>"; };
		AFC8ACBA2BF26E5C005EAE74 /* ConvenienceType.swift */ = {isa = PBXFileReference; lastKnownFileType = sourcecode.swift; path = ConvenienceType.swift; sourceTree = "<group>"; };
		AFC8ACBC2BF26EBC005EAE74 /* OrderServiceType.swift */ = {isa = PBXFileReference; lastKnownFileType = sourcecode.swift; path = OrderServiceType.swift; sourceTree = "<group>"; };
		AFDEB6B52BFC5E9100B99E81 /* APITarget+All.swift */ = {isa = PBXFileReference; lastKnownFileType = sourcecode.swift; path = "APITarget+All.swift"; sourceTree = "<group>"; };
		AFDEB6B72BFC606800B99E81 /* APITarget+Products.swift */ = {isa = PBXFileReference; lastKnownFileType = sourcecode.swift; path = "APITarget+Products.swift"; sourceTree = "<group>"; };
		AFDEB6BB2BFC645C00B99E81 /* APITarget+Likes.swift */ = {isa = PBXFileReference; lastKnownFileType = sourcecode.swift; path = "APITarget+Likes.swift"; sourceTree = "<group>"; };
		DC7A4C142BFAEFB00081EB84 /* DetailTabBarView.swift */ = {isa = PBXFileReference; lastKnownFileType = sourcecode.swift; path = DetailTabBarView.swift; sourceTree = "<group>"; };
		DC7A4C182BFB3D4F0081EB84 /* ScrollToTopButton.swift */ = {isa = PBXFileReference; lastKnownFileType = sourcecode.swift; path = ScrollToTopButton.swift; sourceTree = "<group>"; };
		DCCBE2612BF7489800848D98 /* DetailViewController.swift */ = {isa = PBXFileReference; lastKnownFileType = sourcecode.swift; path = DetailViewController.swift; sourceTree = "<group>"; };
/* End PBXFileReference section */

/* Begin PBXFrameworksBuildPhase section */
		AFC8ABFD2BEF440B005EAE74 /* Frameworks */ = {
			isa = PBXFrameworksBuildPhase;
			buildActionMask = 2147483647;
			files = (
				AFA52C652BFCE45D00E69AB9 /* Kingfisher in Frameworks */,
				AFC8ACA82BF215BB005EAE74 /* LookinServer in Frameworks */,
				AFC8AC7F2BF10517005EAE74 /* SnapKit in Frameworks */,
				AFC8AC792BF104FD005EAE74 /* Moya in Frameworks */,
				AFC8AC7C2BF1050C005EAE74 /* Then in Frameworks */,
				AFC8AC812BF10517005EAE74 /* SnapKit-Dynamic in Frameworks */,
			);
			runOnlyForDeploymentPostprocessing = 0;
		};
/* End PBXFrameworksBuildPhase section */

/* Begin PBXGroup section */
		746B98622BFC4A670050DB71 /* View */ = {
			isa = PBXGroup;
			children = (
				7479E0AA2BFC7460002840A9 /* UserInfoView.swift */,
				74ACCF402BFDCB59000523B8 /* MyInfoView.swift */,
				740051642BFD0CCD00E2E6EF /* UserMenuView.swift */,
			);
			path = View;
			sourceTree = "<group>";
		};
		747A965A2BFC7AEC00E5FCEE /* Type */ = {
			isa = PBXGroup;
			children = (
				747A965B2BFC7AFF00E5FCEE /* UserRewardsType.swift */,
				7400516C2BFD178200E2E6EF /* UserMenuType.swift */,
				747A965D2BFC7F3300E5FCEE /* UserHistoryType.swift */,
			);
			path = Type;
			sourceTree = "<group>";
		};
		74C5966E2BF6905000E96991 /* View */ = {
			isa = PBXGroup;
			children = (
				74C596892BF7E6A800E96991 /* HeaderReusableView.swift */,
				AFA52C662BFD77ED00E69AB9 /* BannerView */,
				74C596972BF8CE3700E96991 /* AllProductView */,
				74C5968E2BF88E8A00E96991 /* SpecialProductView */,
				74C5968B2BF884AF00E96991 /* MainView */,
				74C5968C2BF884D000E96991 /* EventView */,
			);
			path = View;
			sourceTree = "<group>";
		};
		74C596772BF7023200E96991 /* Type */ = {
			isa = PBXGroup;
			children = (
				74C596782BF7026600E96991 /* MenuType.swift */,
			);
			path = Type;
			sourceTree = "<group>";
		};
		74C5967A2BF7045300E96991 /* Cell */ = {
			isa = PBXGroup;
			children = (
				74C5967B2BF7048400E96991 /* MenuCollectionViewCell.swift */,
				74C5969C2BF8CF2E00E96991 /* AllProductCollectionViewCell.swift */,
				74C596812BF7209700E96991 /* DiscountEventCollectionViewCell.swift */,
				74C596932BF88FE600E96991 /* SpecialProductCollectionViewCell.swift */,
			);
			path = Cell;
			sourceTree = "<group>";
		};
		74C5968B2BF884AF00E96991 /* MainView */ = {
			isa = PBXGroup;
			children = (
				74C5967D2BF7075F00E96991 /* MenuCollectionView.swift */,
				74C5966F2BF6F4D600E96991 /* MainView.swift */,
				74C596712BF6F73100E96991 /* NearStoreView.swift */,
			);
			path = MainView;
			sourceTree = "<group>";
		};
		74C5968C2BF884D000E96991 /* EventView */ = {
			isa = PBXGroup;
			children = (
				74C5967F2BF7206B00E96991 /* DiscountEventCollectionView.swift */,
				74C596852BF73F5F00E96991 /* EventView.swift */,
			);
			path = EventView;
			sourceTree = "<group>";
		};
		74C5968E2BF88E8A00E96991 /* SpecialProductView */ = {
			isa = PBXGroup;
			children = (
				74C5968F2BF88EB200E96991 /* SpecialProductView.swift */,
				74C596912BF88F3B00E96991 /* SpecialProductCollectionView.swift */,
			);
			path = SpecialProductView;
			sourceTree = "<group>";
		};
		74C596972BF8CE3700E96991 /* AllProductView */ = {
			isa = PBXGroup;
			children = (
				74C596982BF8CE8C00E96991 /* AllProductView.swift */,
				74C5969A2BF8CEA000E96991 /* AllProductCollectionView.swift */,
			);
			path = AllProductView;
			sourceTree = "<group>";
		};
		AF16B1982BFBB07900BF27FD /* Recovered References */ = {
			isa = PBXGroup;
			children = (
				AFC8AC412BF0FD5D005EAE74 /* dummy4.swift */,
			);
			name = "Recovered References";
			sourceTree = "<group>";
		};
		AF20D3962BFE1808009702CB /* Coordinator */ = {
			isa = PBXGroup;
			children = (
				AF20D3972BFE1827009702CB /* Coordinator.swift */,
				AF20D3992BFE1848009702CB /* FlowCoordinator.swift */,
				AF20D39B2BFE1876009702CB /* PresentationStyle.swift */,
			);
			path = Coordinator;
			sourceTree = "<group>";
		};
		AF4889152BF61ACA007F9C11 /* ReusableView */ = {
			isa = PBXGroup;
			children = (
				AF4889162BF61AD5007F9C11 /* EventReusableView.swift */,
				AFB7D1632BF6720400A2DBE9 /* ServiceReusableView.swift */,
			);
			path = ReusableView;
			sourceTree = "<group>";
		};
		AF782EBE2BFBA32400E1E68A /* Recovered References */ = {
			isa = PBXGroup;
			children = (
			);
			name = "Recovered References";
			sourceTree = "<group>";
		};
		AF99AFE32BF75A09004CC4D1 /* TabBar */ = {
			isa = PBXGroup;
			children = (
				AFBCC0E32BFE34AA00D9A118 /* Flow */,
				AF99AFE42BF75A38004CC4D1 /* GSTabBarController.swift */,
				AF99AFE82BF75CEA004CC4D1 /* GSTabBarType.swift */,
			);
			path = TabBar;
			sourceTree = "<group>";
		};
		AF99AFEA2BF76ED8004CC4D1 /* Home */ = {
			isa = PBXGroup;
			children = (
				AF99AFEB2BF76EDE004CC4D1 /* HomeViewController+.swift */,
			);
			path = Home;
			sourceTree = "<group>";
		};
		AFA52C662BFD77ED00E69AB9 /* BannerView */ = {
			isa = PBXGroup;
			children = (
				AFA52C672BFD79AB00E69AB9 /* BannerView.swift */,
			);
			path = BannerView;
			sourceTree = "<group>";
		};
		AFBCC0E32BFE34AA00D9A118 /* Flow */ = {
			isa = PBXGroup;
			children = (
				AFBCC0E42BFE34C100D9A118 /* GSTabBarCoordinator.swift */,
			);
			path = Flow;
			sourceTree = "<group>";
		};
		AFBCC0E62BFE353000D9A118 /* Flow */ = {
			isa = PBXGroup;
			children = (
				AFBCC0E72BFE353C00D9A118 /* HomeCoordinator.swift */,
			);
			path = Flow;
			sourceTree = "<group>";
		};
		AFBCC0E92BFE36D400D9A118 /* Flow */ = {
			isa = PBXGroup;
			children = (
				AFBCC0EA2BFE36DC00D9A118 /* PreOrderCoordinator.swift */,
			);
			path = Flow;
			sourceTree = "<group>";
		};
		AFBCC0EC2BFE37FF00D9A118 /* Flow */ = {
			isa = PBXGroup;
			children = (
				AFBCC0ED2BFE380B00D9A118 /* DetailCoordinator.swift */,
			);
			path = Flow;
			sourceTree = "<group>";
		};
		AFC8ABF72BEF440B005EAE74 = {
			isa = PBXGroup;
			children = (
				AFC8AC022BEF440B005EAE74 /* GsHometown-iOS */,
				AFC8AC012BEF440B005EAE74 /* Products */,
				AF782EBE2BFBA32400E1E68A /* Recovered References */,
				AF16B1982BFBB07900BF27FD /* Recovered References */,
			);
			sourceTree = "<group>";
		};
		AFC8AC012BEF440B005EAE74 /* Products */ = {
			isa = PBXGroup;
			children = (
				AFC8AC002BEF440B005EAE74 /* GsHometown-iOS.app */,
			);
			name = Products;
			sourceTree = "<group>";
		};
		AFC8AC022BEF440B005EAE74 /* GsHometown-iOS */ = {
			isa = PBXGroup;
			children = (
				AF20D3962BFE1808009702CB /* Coordinator */,
				AFC8AC172BEF4441005EAE74 /* Application */,
				AFC8AC182BEF4447005EAE74 /* Common */,
				AFC8AC1C2BEF445C005EAE74 /* Controller */,
				AFC8AC1B2BEF4458005EAE74 /* View */,
				AFC8AC1A2BEF4454005EAE74 /* Model */,
				AFC8AC192BEF444B005EAE74 /* Network */,
			);
			path = "GsHometown-iOS";
			sourceTree = "<group>";
		};
		AFC8AC172BEF4441005EAE74 /* Application */ = {
			isa = PBXGroup;
			children = (
				AFC8AC0E2BEF440E005EAE74 /* LaunchScreen.storyboard */,
				AFC8AC032BEF440B005EAE74 /* AppDelegate.swift */,
				AFC8AC052BEF440B005EAE74 /* SceneDelegate.swift */,
				AFC8AC692BF101A9005EAE74 /* Main.storyboard */,
				AFBCC0EF2BFE4BB800D9A118 /* AppCoordinator.swift */,
			);
			path = Application;
			sourceTree = "<group>";
		};
		AFC8AC182BEF4447005EAE74 /* Common */ = {
			isa = PBXGroup;
			children = (
				AFC8AC1F2BEF44B1005EAE74 /* Resources */,
				AFC8AC1E2BEF4471005EAE74 /* Extension */,
				AFC8AC1D2BEF446B005EAE74 /* Components */,
			);
			path = Common;
			sourceTree = "<group>";
		};
		AFC8AC192BEF444B005EAE74 /* Network */ = {
			isa = PBXGroup;
			children = (
				AFC8AC212BEF44BF005EAE74 /* APITarget */,
				AFC8AC202BEF44BC005EAE74 /* DTO */,
				AFC8AC752BF104C4005EAE74 /* GsPlugin.swift */,
				AFC8AC822BF10542005EAE74 /* NetworkResult.swift */,
				AFC8AC842BF1055F005EAE74 /* Config.swift */,
				AF7AC2712BFC6BA600E39CAC /* APIProvider.swift */,
			);
			path = Network;
			sourceTree = "<group>";
		};
		AFC8AC1A2BEF4454005EAE74 /* Model */ = {
			isa = PBXGroup;
			children = (
				AFC8AC372BF0FD28005EAE74 /* dummy7.swift */,
				74C596952BF8B53B00E96991 /* Product.swift */,
				AFC8AC962BF1F03E005EAE74 /* Advertisement.swift */,
				74C596832BF7277500E96991 /* DiscountEvent.swift */,
				AF4889132BF61AB6007F9C11 /* EventOfTheMonth.swift */,
			);
			path = Model;
			sourceTree = "<group>";
		};
		AFC8AC1B2BEF4458005EAE74 /* View */ = {
			isa = PBXGroup;
			children = (
				AF99AFE32BF75A09004CC4D1 /* TabBar */,
				AFC8AC3C2BF0FD4D005EAE74 /* MyInfo */,
				AFC8AC3B2BF0FD48005EAE74 /* Detail */,
				AFC8AC3A2BF0FD40005EAE74 /* PreOrder */,
				AFC8AC392BF0FD39005EAE74 /* Home */,
			);
			path = View;
			sourceTree = "<group>";
		};
		AFC8AC1C2BEF445C005EAE74 /* Controller */ = {
			isa = PBXGroup;
			children = (
				AF99AFEA2BF76ED8004CC4D1 /* Home */,
				AFC8AC452BF0FD67005EAE74 /* dummy1.swift */,
			);
			path = Controller;
			sourceTree = "<group>";
		};
		AFC8AC1D2BEF446B005EAE74 /* Components */ = {
			isa = PBXGroup;
			children = (
				74C596612BF67D8500E96991 /* SegmentControl.swift */,
				AF99AFE12BF7471A004CC4D1 /* GSNavigationBar.swift */,
				DC7A4C182BFB3D4F0081EB84 /* ScrollToTopButton.swift */,
			);
			path = Components;
			sourceTree = "<group>";
		};
		AFC8AC1E2BEF4471005EAE74 /* Extension */ = {
			isa = PBXGroup;
			children = (
				AFC8AC272BEF47C0005EAE74 /* UIColor+.swift */,
				AFC8AC942BF1EFA5005EAE74 /* UICollectionViewCell+.swift */,
				AFC8ACAF2BF22ADD005EAE74 /* UICollectionViewLayout+.swift */,
				AF4889182BF61B15007F9C11 /* NotificationName+.swift */,
				74C596872BF7E23700E96991 /* UILabel+.swift */,
				74C5966A2BF68BD000E96991 /* UIView+.swift */,
			);
			path = Extension;
			sourceTree = "<group>";
		};
		AFC8AC1F2BEF44B1005EAE74 /* Resources */ = {
			isa = PBXGroup;
			children = (
				AFC8AC112BEF440E005EAE74 /* Info.plist */,
				AFC8AC242BEF44E3005EAE74 /* Colors */,
				AFC8AC232BEF44DF005EAE74 /* Images */,
				AFC8AC222BEF44DB005EAE74 /* Fonts */,
			);
			path = Resources;
			sourceTree = "<group>";
		};
		AFC8AC202BEF44BC005EAE74 /* DTO */ = {
			isa = PBXGroup;
			children = (
				AFC8AC322BF0FD19005EAE74 /* Request */,
				AFC8AC312BF0FD16005EAE74 /* Response */,
				AF16B1992BFBB0CE00BF27FD /* DTO.swift */,
			);
			path = DTO;
			sourceTree = "<group>";
		};
		AFC8AC212BEF44BF005EAE74 /* APITarget */ = {
			isa = PBXGroup;
			children = (
				AFC8AC2F2BF0FD08005EAE74 /* APITarget.swift */,
				AFDEB6B52BFC5E9100B99E81 /* APITarget+All.swift */,
				AFDEB6B72BFC606800B99E81 /* APITarget+Products.swift */,
				AFDEB6BB2BFC645C00B99E81 /* APITarget+Likes.swift */,
			);
			path = APITarget;
			sourceTree = "<group>";
		};
		AFC8AC222BEF44DB005EAE74 /* Fonts */ = {
			isa = PBXGroup;
			children = (
				AFC8AC6B2BF103D7005EAE74 /* Files */,
				AFC8AC492BF0FDB8005EAE74 /* GSFont.swift */,
			);
			path = Fonts;
			sourceTree = "<group>";
		};
		AFC8AC232BEF44DF005EAE74 /* Images */ = {
			isa = PBXGroup;
			children = (
				AFC8AC0C2BEF440E005EAE74 /* Assets.xcassets */,
				AFC8AC292BEF5585005EAE74 /* GSImage.swift */,
			);
			path = Images;
			sourceTree = "<group>";
		};
		AFC8AC242BEF44E3005EAE74 /* Colors */ = {
			isa = PBXGroup;
			children = (
				AFC8AC252BEF46B1005EAE74 /* GSColor.swift */,
			);
			path = Colors;
			sourceTree = "<group>";
		};
		AFC8AC312BF0FD16005EAE74 /* Response */ = {
			isa = PBXGroup;
			children = (
				AF16B19B2BFBB0E300BF27FD /* DTO+GetHomeResponse.swift */,
				AF16B19F2BFBB31200BF27FD /* DTO+GetPreorderInfoResponse.swift */,
				AF16B1A32BFBB70D00BF27FD /* DTO+GetDetailProductResponse.swift */,
				AF16B1A92BFBB7C800BF27FD /* DTO+PostLikeResponse.swift */,
				AF16B1AD2BFBB86100BF27FD /* DTO+DeleteLikeResponse.swift */,
			);
			path = Response;
			sourceTree = "<group>";
		};
		AFC8AC322BF0FD19005EAE74 /* Request */ = {
			isa = PBXGroup;
			children = (
				AF16B19D2BFBB0ED00BF27FD /* DTO+GetHomeRequest.swift */,
				AF16B1A12BFBB61D00BF27FD /* DTO+GetPreorderInfoRequest.swift */,
				AF16B1A52BFBB71400BF27FD /* DTO+GetDetailProductRequest.swift */,
				AF16B1A72BFBB7C000BF27FD /* DTO+PostLikeRequest.swift */,
				AF16B1AB2BFBB85400BF27FD /* DTO+DeleteLikeRequest.swift */,
			);
			path = Request;
			sourceTree = "<group>";
		};
		AFC8AC392BF0FD39005EAE74 /* Home */ = {
			isa = PBXGroup;
			children = (
				AFBCC0E62BFE353000D9A118 /* Flow */,
				AF4889152BF61ACA007F9C11 /* ReusableView */,
				AFC8ACBE2BF26EDA005EAE74 /* Cell */,
				AFC8ACB72BF26DF9005EAE74 /* Type */,
				AFC8AC072BEF440B005EAE74 /* ViewController.swift */,
				AFC8AC8E2BF1EC47005EAE74 /* HomeViewController.swift */,
			);
			path = Home;
			sourceTree = "<group>";
		};
		AFC8AC3A2BF0FD40005EAE74 /* PreOrder */ = {
			isa = PBXGroup;
			children = (
				AFBCC0E92BFE36D400D9A118 /* Flow */,
				74C5967A2BF7045300E96991 /* Cell */,
				74C596772BF7023200E96991 /* Type */,
				74C5966E2BF6905000E96991 /* View */,
				74C5966C2BF68FF200E96991 /* PreOrderViewController.swift */,
			);
			path = PreOrder;
			sourceTree = "<group>";
		};
		AFC8AC3B2BF0FD48005EAE74 /* Detail */ = {
			isa = PBXGroup;
			children = (
				AFBCC0EC2BFE37FF00D9A118 /* Flow */,
				DC7A4C132BFAEF8E0081EB84 /* View */,
				DCCBE2612BF7489800848D98 /* DetailViewController.swift */,
			);
			path = Detail;
			sourceTree = "<group>";
		};
		AFC8AC3C2BF0FD4D005EAE74 /* MyInfo */ = {
			isa = PBXGroup;
			children = (
				746B985E2BFC4A450050DB71 /* MyInfoViewController.swift */,
				740051662BFD0DFA00E2E6EF /* ReusableStackView.swift */,
				7400516A2BFD134D00E2E6EF /* ReusableMenuHeaderView.swift */,
				747A965A2BFC7AEC00E5FCEE /* Type */,
				746B98622BFC4A670050DB71 /* View */,
			);
			path = MyInfo;
			sourceTree = "<group>";
		};
		AFC8AC6B2BF103D7005EAE74 /* Files */ = {
			isa = PBXGroup;
			children = (
				AFC8AC702BF103DC005EAE74 /* Pretendard-Black.otf */,
				AFC8AC6E2BF103DC005EAE74 /* Pretendard-Bold.otf */,
				AFC8AC6C2BF103DC005EAE74 /* Pretendard-ExtraBold.otf */,
				AFC8AC6D2BF103DC005EAE74 /* Pretendard-ExtraLight.otf */,
				AFC8AC6F2BF103DC005EAE74 /* Pretendard-Light.otf */,
				AFC8AC712BF103DC005EAE74 /* Pretendard-Medium.otf */,
				AFC8AC722BF103DC005EAE74 /* Pretendard-Regular.otf */,
				AFC8AC732BF103DC005EAE74 /* Pretendard-SemiBold.otf */,
				AFC8AC742BF103DD005EAE74 /* Pretendard-Thin.otf */,
			);
			path = Files;
			sourceTree = "<group>";
		};
		AFC8ACB72BF26DF9005EAE74 /* Type */ = {
			isa = PBXGroup;
			children = (
				AFC8ACB82BF26E39005EAE74 /* ServiceType.swift */,
				AFC8ACBA2BF26E5C005EAE74 /* ConvenienceType.swift */,
				AFC8AC982BF1F4BB005EAE74 /* HomeSectionType.swift */,
				AFC8ACBC2BF26EBC005EAE74 /* OrderServiceType.swift */,
				AFC8ACAD2BF22AB8005EAE74 /* PageType.swift */,
			);
			path = Type;
			sourceTree = "<group>";
		};
		AFC8ACBE2BF26EDA005EAE74 /* Cell */ = {
			isa = PBXGroup;
			children = (
				AFC8AC922BF1EEEA005EAE74 /* PageCell.swift */,
				AFC8AC9A2BF20B99005EAE74 /* OrderServiceCell.swift */,
				AFC8ACA92BF21B50005EAE74 /* ConvenienceCell.swift */,
				AFC8ACAB2BF223C3005EAE74 /* ServiceCell.swift */,
				AFC8ACB12BF25ED3005EAE74 /* EventCell.swift */,
				AFC8ACB52BF2684F005EAE74 /* EventOfTheWeekCell.swift */,
			);
			path = Cell;
			sourceTree = "<group>";
		};
		DC7A4C132BFAEF8E0081EB84 /* View */ = {
			isa = PBXGroup;
			children = (
				DC7A4C142BFAEFB00081EB84 /* DetailTabBarView.swift */,
			);
			path = View;
			sourceTree = "<group>";
		};
/* End PBXGroup section */

/* Begin PBXNativeTarget section */
		AFC8ABFF2BEF440B005EAE74 /* GsHometown-iOS */ = {
			isa = PBXNativeTarget;
			buildConfigurationList = AFC8AC142BEF440E005EAE74 /* Build configuration list for PBXNativeTarget "GsHometown-iOS" */;
			buildPhases = (
				AFC8ABFC2BEF440B005EAE74 /* Sources */,
				AFC8ABFD2BEF440B005EAE74 /* Frameworks */,
				AFC8ABFE2BEF440B005EAE74 /* Resources */,
			);
			buildRules = (
			);
			dependencies = (
			);
			name = "GsHometown-iOS";
			packageProductDependencies = (
				AFC8AC782BF104FD005EAE74 /* Moya */,
				AFC8AC7B2BF1050C005EAE74 /* Then */,
				AFC8AC7E2BF10517005EAE74 /* SnapKit */,
				AFC8AC802BF10517005EAE74 /* SnapKit-Dynamic */,
				AFC8ACA72BF215BB005EAE74 /* LookinServer */,
				AFA52C642BFCE45D00E69AB9 /* Kingfisher */,
			);
			productName = "GsHometown-iOS";
			productReference = AFC8AC002BEF440B005EAE74 /* GsHometown-iOS.app */;
			productType = "com.apple.product-type.application";
		};
/* End PBXNativeTarget section */

/* Begin PBXProject section */
		AFC8ABF82BEF440B005EAE74 /* Project object */ = {
			isa = PBXProject;
			attributes = {
				BuildIndependentTargetsInParallel = 1;
				LastSwiftUpdateCheck = 1530;
				LastUpgradeCheck = 1530;
				TargetAttributes = {
					AFC8ABFF2BEF440B005EAE74 = {
						CreatedOnToolsVersion = 15.3;
					};
				};
			};
			buildConfigurationList = AFC8ABFB2BEF440B005EAE74 /* Build configuration list for PBXProject "GsHometown-iOS" */;
			compatibilityVersion = "Xcode 14.0";
			developmentRegion = en;
			hasScannedForEncodings = 0;
			knownRegions = (
				en,
				Base,
			);
			mainGroup = AFC8ABF72BEF440B005EAE74;
			packageReferences = (
				AFC8AC772BF104FD005EAE74 /* XCRemoteSwiftPackageReference "Moya" */,
				AFC8AC7A2BF1050C005EAE74 /* XCRemoteSwiftPackageReference "Then" */,
				AFC8AC7D2BF10517005EAE74 /* XCRemoteSwiftPackageReference "SnapKit" */,
				AFC8ACA62BF215BB005EAE74 /* XCRemoteSwiftPackageReference "LookinServer" */,
				AFA52C632BFCE45D00E69AB9 /* XCRemoteSwiftPackageReference "Kingfisher" */,
			);
			productRefGroup = AFC8AC012BEF440B005EAE74 /* Products */;
			projectDirPath = "";
			projectRoot = "";
			targets = (
				AFC8ABFF2BEF440B005EAE74 /* GsHometown-iOS */,
			);
		};
/* End PBXProject section */

/* Begin PBXResourcesBuildPhase section */
		AFC8ABFE2BEF440B005EAE74 /* Resources */ = {
			isa = PBXResourcesBuildPhase;
			buildActionMask = 2147483647;
			files = (
				AFC8AC9F2BF21358005EAE74 /* Pretendard-ExtraLight.otf in Resources */,
				AFC8AC6A2BF101A9005EAE74 /* Main.storyboard in Resources */,
				AFC8AC9D2BF21354005EAE74 /* Pretendard-Bold.otf in Resources */,
				AFC8ACA12BF2135D005EAE74 /* Pretendard-Medium.otf in Resources */,
				AFC8ACA22BF2135F005EAE74 /* Pretendard-Regular.otf in Resources */,
				AFC8AC9E2BF21356005EAE74 /* Pretendard-ExtraBold.otf in Resources */,
				AFC8ACA02BF2135B005EAE74 /* Pretendard-Light.otf in Resources */,
				AFC8ACA32BF21361005EAE74 /* Pretendard-SemiBold.otf in Resources */,
				AFC8AC9C2BF21352005EAE74 /* Pretendard-Black.otf in Resources */,
				AFC8ACA42BF21363005EAE74 /* Pretendard-Thin.otf in Resources */,
				AFC8AC0D2BEF440E005EAE74 /* Assets.xcassets in Resources */,
			);
			runOnlyForDeploymentPostprocessing = 0;
		};
/* End PBXResourcesBuildPhase section */

/* Begin PBXSourcesBuildPhase section */
		AFC8ABFC2BEF440B005EAE74 /* Sources */ = {
			isa = PBXSourcesBuildPhase;
			buildActionMask = 2147483647;
			files = (
				AF16B19C2BFBB0E300BF27FD /* DTO+GetHomeResponse.swift in Sources */,
				AFC8AC082BEF440B005EAE74 /* ViewController.swift in Sources */,
				AFC8AC462BF0FD67005EAE74 /* dummy1.swift in Sources */,
				AFC8AC832BF10542005EAE74 /* NetworkResult.swift in Sources */,
				AF16B19A2BFBB0CE00BF27FD /* DTO.swift in Sources */,
				AFDEB6B62BFC5E9100B99E81 /* APITarget+All.swift in Sources */,
				AFC8ACBD2BF26EBC005EAE74 /* OrderServiceType.swift in Sources */,
				AF99AFE22BF7471A004CC4D1 /* GSNavigationBar.swift in Sources */,
				7479E0AB2BFC7460002840A9 /* UserInfoView.swift in Sources */,
				740051672BFD0DFA00E2E6EF /* ReusableStackView.swift in Sources */,
				AFC8AC852BF1055F005EAE74 /* Config.swift in Sources */,
				74C596882BF7E23700E96991 /* UILabel+.swift in Sources */,
				AF99AFE52BF75A38004CC4D1 /* GSTabBarController.swift in Sources */,
				AFC8AC262BEF46B1005EAE74 /* GSColor.swift in Sources */,
				746B985F2BFC4A450050DB71 /* MyInfoViewController.swift in Sources */,
				AF16B1A22BFBB61D00BF27FD /* DTO+GetPreorderInfoRequest.swift in Sources */,
				AFC8AC932BF1EEEA005EAE74 /* PageCell.swift in Sources */,
				AFBCC0E52BFE34C100D9A118 /* GSTabBarCoordinator.swift in Sources */,
				AFBCC0EB2BFE36DC00D9A118 /* PreOrderCoordinator.swift in Sources */,
				74C5967C2BF7048400E96991 /* MenuCollectionViewCell.swift in Sources */,
				74C596722BF6F73200E96991 /* NearStoreView.swift in Sources */,
				AFDEB6BC2BFC645C00B99E81 /* APITarget+Likes.swift in Sources */,
				DCCBE2622BF7489800848D98 /* DetailViewController.swift in Sources */,
				AF20D39A2BFE1848009702CB /* FlowCoordinator.swift in Sources */,
				AFC8ACB02BF22ADD005EAE74 /* UICollectionViewLayout+.swift in Sources */,
				74C5969D2BF8CF2E00E96991 /* AllProductCollectionViewCell.swift in Sources */,
				74C5967E2BF7075F00E96991 /* MenuCollectionView.swift in Sources */,
				74C596702BF6F4D600E96991 /* MainView.swift in Sources */,
				AFC8AC042BEF440B005EAE74 /* AppDelegate.swift in Sources */,
				AF16B1A42BFBB70D00BF27FD /* DTO+GetDetailProductResponse.swift in Sources */,
				AF20D3982BFE1827009702CB /* Coordinator.swift in Sources */,
				AF4889192BF61B15007F9C11 /* NotificationName+.swift in Sources */,
				AF16B1A02BFBB31200BF27FD /* DTO+GetPreorderInfoResponse.swift in Sources */,
				AFC8AC952BF1EFA5005EAE74 /* UICollectionViewCell+.swift in Sources */,
				AF16B19E2BFBB0ED00BF27FD /* DTO+GetHomeRequest.swift in Sources */,
				AFC8ACBB2BF26E5C005EAE74 /* ConvenienceType.swift in Sources */,
				74C596962BF8B53B00E96991 /* Product.swift in Sources */,
				74C596842BF7277500E96991 /* DiscountEvent.swift in Sources */,
				AF16B1A62BFBB71400BF27FD /* DTO+GetDetailProductRequest.swift in Sources */,
				74C5968A2BF7E6A900E96991 /* HeaderReusableView.swift in Sources */,
				AFC8AC2A2BEF5585005EAE74 /* GSImage.swift in Sources */,
				74C5966D2BF68FF200E96991 /* PreOrderViewController.swift in Sources */,
				74C596792BF7026600E96991 /* MenuType.swift in Sources */,
				AFDEB6B82BFC606800B99E81 /* APITarget+Products.swift in Sources */,
				74C596822BF7209800E96991 /* DiscountEventCollectionViewCell.swift in Sources */,
				AFB7D1642BF6720400A2DBE9 /* ServiceReusableView.swift in Sources */,
				74C596922BF88F3B00E96991 /* SpecialProductCollectionView.swift in Sources */,
				74C596902BF88EB300E96991 /* SpecialProductView.swift in Sources */,
				AFA52C682BFD79AB00E69AB9 /* BannerView.swift in Sources */,
				AFC8AC762BF104C4005EAE74 /* GsPlugin.swift in Sources */,
				AFBCC0F02BFE4BB800D9A118 /* AppCoordinator.swift in Sources */,
				AFBCC0E82BFE353C00D9A118 /* HomeCoordinator.swift in Sources */,
				AFC8AC062BEF440B005EAE74 /* SceneDelegate.swift in Sources */,
				7400516B2BFD134D00E2E6EF /* ReusableMenuHeaderView.swift in Sources */,
				DC7A4C192BFB3D4F0081EB84 /* ScrollToTopButton.swift in Sources */,
				74C5966B2BF68BD000E96991 /* UIView+.swift in Sources */,
				AFC8ACAE2BF22AB8005EAE74 /* PageType.swift in Sources */,
				AF16B1A82BFBB7C000BF27FD /* DTO+PostLikeRequest.swift in Sources */,
				AF4889172BF61AD5007F9C11 /* EventReusableView.swift in Sources */,
				AF16B1AA2BFBB7C800BF27FD /* DTO+PostLikeResponse.swift in Sources */,
				AFC8AC382BF0FD28005EAE74 /* dummy7.swift in Sources */,
				74C596942BF88FE600E96991 /* SpecialProductCollectionViewCell.swift in Sources */,
				AFBCC0EE2BFE380B00D9A118 /* DetailCoordinator.swift in Sources */,
				AFC8AC282BEF47C0005EAE74 /* UIColor+.swift in Sources */,
				AF16B1AC2BFBB85400BF27FD /* DTO+DeleteLikeRequest.swift in Sources */,
				AF20D39C2BFE1876009702CB /* PresentationStyle.swift in Sources */,
				74C596622BF67D8500E96991 /* SegmentControl.swift in Sources */,
				7400516D2BFD178200E2E6EF /* UserMenuType.swift in Sources */,
				AFC8AC4A2BF0FDB8005EAE74 /* GSFont.swift in Sources */,
				74C596992BF8CE8C00E96991 /* AllProductView.swift in Sources */,
				740051652BFD0CCD00E2E6EF /* UserMenuView.swift in Sources */,
				AFC8ACAC2BF223C3005EAE74 /* ServiceCell.swift in Sources */,
				74C596802BF7206B00E96991 /* DiscountEventCollectionView.swift in Sources */,
				AFC8AC972BF1F03E005EAE74 /* Advertisement.swift in Sources */,
				AF4889142BF61AB6007F9C11 /* EventOfTheMonth.swift in Sources */,
				AFC8AC9B2BF20B99005EAE74 /* OrderServiceCell.swift in Sources */,
				AFC8ACB62BF2684F005EAE74 /* EventOfTheWeekCell.swift in Sources */,
				74C596862BF73F5F00E96991 /* EventView.swift in Sources */,
				AFC8ACB22BF25ED3005EAE74 /* EventCell.swift in Sources */,
				AFC8AC8F2BF1EC47005EAE74 /* HomeViewController.swift in Sources */,
				AF99AFE92BF75CEA004CC4D1 /* GSTabBarType.swift in Sources */,
				AF16B1AE2BFBB86100BF27FD /* DTO+DeleteLikeResponse.swift in Sources */,
				74C5969B2BF8CEA000E96991 /* AllProductCollectionView.swift in Sources */,
				74ACCF412BFDCB59000523B8 /* MyInfoView.swift in Sources */,
				AFC8AC992BF1F4BB005EAE74 /* HomeSectionType.swift in Sources */,
				DC7A4C152BFAEFB00081EB84 /* DetailTabBarView.swift in Sources */,
				AFC8ACAA2BF21B50005EAE74 /* ConvenienceCell.swift in Sources */,
				AF7AC2722BFC6BA600E39CAC /* APIProvider.swift in Sources */,
				AFC8AC302BF0FD08005EAE74 /* APITarget.swift in Sources */,
				AF99AFEC2BF76EDE004CC4D1 /* HomeViewController+.swift in Sources */,
				AFC8ACB92BF26E39005EAE74 /* ServiceType.swift in Sources */,
				747A965C2BFC7AFF00E5FCEE /* UserRewardsType.swift in Sources */,
				747A965E2BFC7F3300E5FCEE /* UserHistoryType.swift in Sources */,
			);
			runOnlyForDeploymentPostprocessing = 0;
		};
/* End PBXSourcesBuildPhase section */

/* Begin PBXVariantGroup section */
		AFC8AC0E2BEF440E005EAE74 /* LaunchScreen.storyboard */ = {
			isa = PBXVariantGroup;
			children = (
				AFC8AC0F2BEF440E005EAE74 /* Base */,
			);
			name = LaunchScreen.storyboard;
			sourceTree = "<group>";
		};
/* End PBXVariantGroup section */

/* Begin XCBuildConfiguration section */
		AFC8AC122BEF440E005EAE74 /* Debug */ = {
			isa = XCBuildConfiguration;
			buildSettings = {
				ALWAYS_SEARCH_USER_PATHS = NO;
				ASSETCATALOG_COMPILER_GENERATE_SWIFT_ASSET_SYMBOL_EXTENSIONS = YES;
				CLANG_ANALYZER_NONNULL = YES;
				CLANG_ANALYZER_NUMBER_OBJECT_CONVERSION = YES_AGGRESSIVE;
				CLANG_CXX_LANGUAGE_STANDARD = "gnu++20";
				CLANG_ENABLE_MODULES = YES;
				CLANG_ENABLE_OBJC_ARC = YES;
				CLANG_ENABLE_OBJC_WEAK = YES;
				CLANG_WARN_BLOCK_CAPTURE_AUTORELEASING = YES;
				CLANG_WARN_BOOL_CONVERSION = YES;
				CLANG_WARN_COMMA = YES;
				CLANG_WARN_CONSTANT_CONVERSION = YES;
				CLANG_WARN_DEPRECATED_OBJC_IMPLEMENTATIONS = YES;
				CLANG_WARN_DIRECT_OBJC_ISA_USAGE = YES_ERROR;
				CLANG_WARN_DOCUMENTATION_COMMENTS = YES;
				CLANG_WARN_EMPTY_BODY = YES;
				CLANG_WARN_ENUM_CONVERSION = YES;
				CLANG_WARN_INFINITE_RECURSION = YES;
				CLANG_WARN_INT_CONVERSION = YES;
				CLANG_WARN_NON_LITERAL_NULL_CONVERSION = YES;
				CLANG_WARN_OBJC_IMPLICIT_RETAIN_SELF = YES;
				CLANG_WARN_OBJC_LITERAL_CONVERSION = YES;
				CLANG_WARN_OBJC_ROOT_CLASS = YES_ERROR;
				CLANG_WARN_QUOTED_INCLUDE_IN_FRAMEWORK_HEADER = YES;
				CLANG_WARN_RANGE_LOOP_ANALYSIS = YES;
				CLANG_WARN_STRICT_PROTOTYPES = YES;
				CLANG_WARN_SUSPICIOUS_MOVE = YES;
				CLANG_WARN_UNGUARDED_AVAILABILITY = YES_AGGRESSIVE;
				CLANG_WARN_UNREACHABLE_CODE = YES;
				CLANG_WARN__DUPLICATE_METHOD_MATCH = YES;
				COPY_PHASE_STRIP = NO;
				DEBUG_INFORMATION_FORMAT = dwarf;
				ENABLE_STRICT_OBJC_MSGSEND = YES;
				ENABLE_TESTABILITY = YES;
				ENABLE_USER_SCRIPT_SANDBOXING = YES;
				GCC_C_LANGUAGE_STANDARD = gnu17;
				GCC_DYNAMIC_NO_PIC = NO;
				GCC_NO_COMMON_BLOCKS = YES;
				GCC_OPTIMIZATION_LEVEL = 0;
				GCC_PREPROCESSOR_DEFINITIONS = (
					"DEBUG=1",
					"$(inherited)",
				);
				GCC_WARN_64_TO_32_BIT_CONVERSION = YES;
				GCC_WARN_ABOUT_RETURN_TYPE = YES_ERROR;
				GCC_WARN_UNDECLARED_SELECTOR = YES;
				GCC_WARN_UNINITIALIZED_AUTOS = YES_AGGRESSIVE;
				GCC_WARN_UNUSED_FUNCTION = YES;
				GCC_WARN_UNUSED_VARIABLE = YES;
				IPHONEOS_DEPLOYMENT_TARGET = 17.4;
				LOCALIZATION_PREFERS_STRING_CATALOGS = YES;
				MTL_ENABLE_DEBUG_INFO = INCLUDE_SOURCE;
				MTL_FAST_MATH = YES;
				ONLY_ACTIVE_ARCH = YES;
				SDKROOT = iphoneos;
				SWIFT_ACTIVE_COMPILATION_CONDITIONS = "DEBUG $(inherited)";
				SWIFT_OPTIMIZATION_LEVEL = "-Onone";
			};
			name = Debug;
		};
		AFC8AC132BEF440E005EAE74 /* Release */ = {
			isa = XCBuildConfiguration;
			buildSettings = {
				ALWAYS_SEARCH_USER_PATHS = NO;
				ASSETCATALOG_COMPILER_GENERATE_SWIFT_ASSET_SYMBOL_EXTENSIONS = YES;
				CLANG_ANALYZER_NONNULL = YES;
				CLANG_ANALYZER_NUMBER_OBJECT_CONVERSION = YES_AGGRESSIVE;
				CLANG_CXX_LANGUAGE_STANDARD = "gnu++20";
				CLANG_ENABLE_MODULES = YES;
				CLANG_ENABLE_OBJC_ARC = YES;
				CLANG_ENABLE_OBJC_WEAK = YES;
				CLANG_WARN_BLOCK_CAPTURE_AUTORELEASING = YES;
				CLANG_WARN_BOOL_CONVERSION = YES;
				CLANG_WARN_COMMA = YES;
				CLANG_WARN_CONSTANT_CONVERSION = YES;
				CLANG_WARN_DEPRECATED_OBJC_IMPLEMENTATIONS = YES;
				CLANG_WARN_DIRECT_OBJC_ISA_USAGE = YES_ERROR;
				CLANG_WARN_DOCUMENTATION_COMMENTS = YES;
				CLANG_WARN_EMPTY_BODY = YES;
				CLANG_WARN_ENUM_CONVERSION = YES;
				CLANG_WARN_INFINITE_RECURSION = YES;
				CLANG_WARN_INT_CONVERSION = YES;
				CLANG_WARN_NON_LITERAL_NULL_CONVERSION = YES;
				CLANG_WARN_OBJC_IMPLICIT_RETAIN_SELF = YES;
				CLANG_WARN_OBJC_LITERAL_CONVERSION = YES;
				CLANG_WARN_OBJC_ROOT_CLASS = YES_ERROR;
				CLANG_WARN_QUOTED_INCLUDE_IN_FRAMEWORK_HEADER = YES;
				CLANG_WARN_RANGE_LOOP_ANALYSIS = YES;
				CLANG_WARN_STRICT_PROTOTYPES = YES;
				CLANG_WARN_SUSPICIOUS_MOVE = YES;
				CLANG_WARN_UNGUARDED_AVAILABILITY = YES_AGGRESSIVE;
				CLANG_WARN_UNREACHABLE_CODE = YES;
				CLANG_WARN__DUPLICATE_METHOD_MATCH = YES;
				COPY_PHASE_STRIP = NO;
				DEBUG_INFORMATION_FORMAT = "dwarf-with-dsym";
				ENABLE_NS_ASSERTIONS = NO;
				ENABLE_STRICT_OBJC_MSGSEND = YES;
				ENABLE_USER_SCRIPT_SANDBOXING = YES;
				GCC_C_LANGUAGE_STANDARD = gnu17;
				GCC_NO_COMMON_BLOCKS = YES;
				GCC_WARN_64_TO_32_BIT_CONVERSION = YES;
				GCC_WARN_ABOUT_RETURN_TYPE = YES_ERROR;
				GCC_WARN_UNDECLARED_SELECTOR = YES;
				GCC_WARN_UNINITIALIZED_AUTOS = YES_AGGRESSIVE;
				GCC_WARN_UNUSED_FUNCTION = YES;
				GCC_WARN_UNUSED_VARIABLE = YES;
				IPHONEOS_DEPLOYMENT_TARGET = 17.4;
				LOCALIZATION_PREFERS_STRING_CATALOGS = YES;
				MTL_ENABLE_DEBUG_INFO = NO;
				MTL_FAST_MATH = YES;
				SDKROOT = iphoneos;
				SWIFT_COMPILATION_MODE = wholemodule;
				VALIDATE_PRODUCT = YES;
			};
			name = Release;
		};
		AFC8AC152BEF440E005EAE74 /* Debug */ = {
			isa = XCBuildConfiguration;
			buildSettings = {
				ASSETCATALOG_COMPILER_APPICON_NAME = AppIcon;
				ASSETCATALOG_COMPILER_GLOBAL_ACCENT_COLOR_NAME = AccentColor;
				BASE_URL = "http://52.79.43.194:8080/";
				CODE_SIGN_STYLE = Automatic;
				CURRENT_PROJECT_VERSION = 1;
				DEVELOPMENT_TEAM = 8R3N359429;
				GENERATE_INFOPLIST_FILE = YES;
				INFOPLIST_FILE = "GsHometown-iOS/Common/Resources/Info.plist";
				INFOPLIST_KEY_UIApplicationSupportsIndirectInputEvents = YES;
				INFOPLIST_KEY_UILaunchStoryboardName = LaunchScreen;
				INFOPLIST_KEY_UIMainStoryboardFile = Main;
				INFOPLIST_KEY_UISupportedInterfaceOrientations_iPad = "UIInterfaceOrientationPortrait UIInterfaceOrientationPortraitUpsideDown UIInterfaceOrientationLandscapeLeft UIInterfaceOrientationLandscapeRight";
				INFOPLIST_KEY_UISupportedInterfaceOrientations_iPhone = "UIInterfaceOrientationPortrait UIInterfaceOrientationLandscapeLeft UIInterfaceOrientationLandscapeRight";
				IPHONEOS_DEPLOYMENT_TARGET = 17.0;
				LD_RUNPATH_SEARCH_PATHS = (
					"$(inherited)",
					"@executable_path/Frameworks",
				);
				MARKETING_VERSION = 1.0;
				PRODUCT_BUNDLE_IDENTIFIER = "com.kozi.GsHometown-iOS";
				PRODUCT_NAME = "$(TARGET_NAME)";
				SWIFT_EMIT_LOC_STRINGS = YES;
				SWIFT_VERSION = 5.0;
				TARGETED_DEVICE_FAMILY = "1,2";
			};
			name = Debug;
		};
		AFC8AC162BEF440E005EAE74 /* Release */ = {
			isa = XCBuildConfiguration;
			buildSettings = {
				ASSETCATALOG_COMPILER_APPICON_NAME = AppIcon;
				ASSETCATALOG_COMPILER_GLOBAL_ACCENT_COLOR_NAME = AccentColor;
				BASE_URL = "http://52.79.43.194:8080/";
				CODE_SIGN_STYLE = Automatic;
				CURRENT_PROJECT_VERSION = 1;
				DEVELOPMENT_TEAM = 8R3N359429;
				GENERATE_INFOPLIST_FILE = YES;
				INFOPLIST_FILE = "GsHometown-iOS/Common/Resources/Info.plist";
				INFOPLIST_KEY_UIApplicationSupportsIndirectInputEvents = YES;
				INFOPLIST_KEY_UILaunchStoryboardName = LaunchScreen;
				INFOPLIST_KEY_UIMainStoryboardFile = Main;
				INFOPLIST_KEY_UISupportedInterfaceOrientations_iPad = "UIInterfaceOrientationPortrait UIInterfaceOrientationPortraitUpsideDown UIInterfaceOrientationLandscapeLeft UIInterfaceOrientationLandscapeRight";
				INFOPLIST_KEY_UISupportedInterfaceOrientations_iPhone = "UIInterfaceOrientationPortrait UIInterfaceOrientationLandscapeLeft UIInterfaceOrientationLandscapeRight";
				IPHONEOS_DEPLOYMENT_TARGET = 17.0;
				LD_RUNPATH_SEARCH_PATHS = (
					"$(inherited)",
					"@executable_path/Frameworks",
				);
				MARKETING_VERSION = 1.0;
				PRODUCT_BUNDLE_IDENTIFIER = "com.kozi.GsHometown-iOS";
				PRODUCT_NAME = "$(TARGET_NAME)";
				SWIFT_EMIT_LOC_STRINGS = YES;
				SWIFT_VERSION = 5.0;
				TARGETED_DEVICE_FAMILY = "1,2";
			};
			name = Release;
		};
/* End XCBuildConfiguration section */

/* Begin XCConfigurationList section */
		AFC8ABFB2BEF440B005EAE74 /* Build configuration list for PBXProject "GsHometown-iOS" */ = {
			isa = XCConfigurationList;
			buildConfigurations = (
				AFC8AC122BEF440E005EAE74 /* Debug */,
				AFC8AC132BEF440E005EAE74 /* Release */,
			);
			defaultConfigurationIsVisible = 0;
			defaultConfigurationName = Release;
		};
		AFC8AC142BEF440E005EAE74 /* Build configuration list for PBXNativeTarget "GsHometown-iOS" */ = {
			isa = XCConfigurationList;
			buildConfigurations = (
				AFC8AC152BEF440E005EAE74 /* Debug */,
				AFC8AC162BEF440E005EAE74 /* Release */,
			);
			defaultConfigurationIsVisible = 0;
			defaultConfigurationName = Release;
		};
/* End XCConfigurationList section */

/* Begin XCRemoteSwiftPackageReference section */
		AFA52C632BFCE45D00E69AB9 /* XCRemoteSwiftPackageReference "Kingfisher" */ = {
			isa = XCRemoteSwiftPackageReference;
			repositoryURL = "https://github.com/onevcat/Kingfisher.git";
			requirement = {
				kind = upToNextMajorVersion;
				minimumVersion = 7.11.0;
			};
		};
		AFC8AC772BF104FD005EAE74 /* XCRemoteSwiftPackageReference "Moya" */ = {
			isa = XCRemoteSwiftPackageReference;
			repositoryURL = "https://github.com/Moya/Moya";
			requirement = {
				kind = upToNextMajorVersion;
				minimumVersion = 15.0.3;
			};
		};
		AFC8AC7A2BF1050C005EAE74 /* XCRemoteSwiftPackageReference "Then" */ = {
			isa = XCRemoteSwiftPackageReference;
			repositoryURL = "https://github.com/devxoul/Then";
			requirement = {
				kind = upToNextMajorVersion;
				minimumVersion = 3.0.0;
			};
		};
		AFC8AC7D2BF10517005EAE74 /* XCRemoteSwiftPackageReference "SnapKit" */ = {
			isa = XCRemoteSwiftPackageReference;
			repositoryURL = "https://github.com/SnapKit/SnapKit.git";
			requirement = {
				kind = upToNextMajorVersion;
				minimumVersion = 5.7.1;
			};
		};
		AFC8ACA62BF215BB005EAE74 /* XCRemoteSwiftPackageReference "LookinServer" */ = {
			isa = XCRemoteSwiftPackageReference;
			repositoryURL = "https://github.com/QMUI/LookinServer/";
			requirement = {
				kind = upToNextMajorVersion;
				minimumVersion = 1.2.8;
			};
		};
/* End XCRemoteSwiftPackageReference section */

/* Begin XCSwiftPackageProductDependency section */
		AFA52C642BFCE45D00E69AB9 /* Kingfisher */ = {
			isa = XCSwiftPackageProductDependency;
			package = AFA52C632BFCE45D00E69AB9 /* XCRemoteSwiftPackageReference "Kingfisher" */;
			productName = Kingfisher;
		};
		AFC8AC782BF104FD005EAE74 /* Moya */ = {
			isa = XCSwiftPackageProductDependency;
			package = AFC8AC772BF104FD005EAE74 /* XCRemoteSwiftPackageReference "Moya" */;
			productName = Moya;
		};
		AFC8AC7B2BF1050C005EAE74 /* Then */ = {
			isa = XCSwiftPackageProductDependency;
			package = AFC8AC7A2BF1050C005EAE74 /* XCRemoteSwiftPackageReference "Then" */;
			productName = Then;
		};
		AFC8AC7E2BF10517005EAE74 /* SnapKit */ = {
			isa = XCSwiftPackageProductDependency;
			package = AFC8AC7D2BF10517005EAE74 /* XCRemoteSwiftPackageReference "SnapKit" */;
			productName = SnapKit;
		};
		AFC8AC802BF10517005EAE74 /* SnapKit-Dynamic */ = {
			isa = XCSwiftPackageProductDependency;
			package = AFC8AC7D2BF10517005EAE74 /* XCRemoteSwiftPackageReference "SnapKit" */;
			productName = "SnapKit-Dynamic";
		};
		AFC8ACA72BF215BB005EAE74 /* LookinServer */ = {
			isa = XCSwiftPackageProductDependency;
			package = AFC8ACA62BF215BB005EAE74 /* XCRemoteSwiftPackageReference "LookinServer" */;
			productName = LookinServer;
		};
/* End XCSwiftPackageProductDependency section */
	};
	rootObject = AFC8ABF82BEF440B005EAE74 /* Project object */;
}
